// !$*UTF8*$!
{
	archiveVersion = 1;
	classes = {
	};
	objectVersion = 56;
	objects = {

/* Begin PBXBuildFile section */
		2B74A27E29E4BDA000EFA169 /* Consensual_ConnectionsApp.swift in Sources */ = {isa = PBXBuildFile; fileRef = 2B74A27D29E4BDA000EFA169 /* Consensual_ConnectionsApp.swift */; };
		2B74A28029E4BDA000EFA169 /* ContentView.swift in Sources */ = {isa = PBXBuildFile; fileRef = 2B74A27F29E4BDA000EFA169 /* ContentView.swift */; };
		2B74A28229E4BDA000EFA169 /* Assets.xcassets in Resources */ = {isa = PBXBuildFile; fileRef = 2B74A28129E4BDA000EFA169 /* Assets.xcassets */; };
		2B74A28529E4BDA000EFA169 /* Preview Assets.xcassets in Resources */ = {isa = PBXBuildFile; fileRef = 2B74A28429E4BDA000EFA169 /* Preview Assets.xcassets */; };
		2B74A29029E4C1D300EFA169 /* Trending.swift in Sources */ = {isa = PBXBuildFile; fileRef = 2B74A28D29E4C1D300EFA169 /* Trending.swift */; };
		2B74A29129E4C1D300EFA169 /* Info.swift in Sources */ = {isa = PBXBuildFile; fileRef = 2B74A28E29E4C1D300EFA169 /* Info.swift */; };
		2B74A29229E4C1D300EFA169 /* Sale.swift in Sources */ = {isa = PBXBuildFile; fileRef = 2B74A28F29E4C1D300EFA169 /* Sale.swift */; };
		2B74A29529E4C1DA00EFA169 /* ResponsiveView.swift in Sources */ = {isa = PBXBuildFile; fileRef = 2B74A29329E4C1DA00EFA169 /* ResponsiveView.swift */; };
		2B74A29629E4C1DA00EFA169 /* RouterView.swift in Sources */ = {isa = PBXBuildFile; fileRef = 2B74A29429E4C1DA00EFA169 /* RouterView.swift */; };
		2B9590B329E5EBFA000BC899 /* SidebarView.swift in Sources */ = {isa = PBXBuildFile; fileRef = 2B9590B229E5EBFA000BC899 /* SidebarView.swift */; };
		2B9590B629E5F023000BC899 /* AppPagesModel.swift in Sources */ = {isa = PBXBuildFile; fileRef = 2B9590B529E5F023000BC899 /* AppPagesModel.swift */; };
		2B9590B929E5FA9B000BC899 /* HeaderView.swift in Sources */ = {isa = PBXBuildFile; fileRef = 2B9590B829E5FA9B000BC899 /* HeaderView.swift */; };
		2B9590BD29E6014F000BC899 /* TrendingItemsView.swift in Sources */ = {isa = PBXBuildFile; fileRef = 2B9590BC29E6014E000BC899 /* TrendingItemsView.swift */; };
		2B9590BF29E60249000BC899 /* AppProperties.swift in Sources */ = {isa = PBXBuildFile; fileRef = 2B9590BE29E60249000BC899 /* AppProperties.swift */; };
		2B9590C129E61618000BC899 /* PieChartView.swift in Sources */ = {isa = PBXBuildFile; fileRef = 2B9590C029E61618000BC899 /* PieChartView.swift */; };
		2B9590C329E6164F000BC899 /* DailySalesView.swift in Sources */ = {isa = PBXBuildFile; fileRef = 2B9590C229E6164F000BC899 /* DailySalesView.swift */; };
		2B9590C529E616C1000BC899 /* InfoCards.swift in Sources */ = {isa = PBXBuildFile; fileRef = 2B9590C429E616C1000BC899 /* InfoCards.swift */; };
		2B9590C729E61722000BC899 /* HomeView.swift in Sources */ = {isa = PBXBuildFile; fileRef = 2B9590C629E61722000BC899 /* HomeView.swift */; };
/* End PBXBuildFile section */

/* Begin PBXFileReference section */
		2B74A27A29E4BDA000EFA169 /* Consensual Connections.app */ = {isa = PBXFileReference; explicitFileType = wrapper.application; includeInIndex = 0; path = "Consensual Connections.app"; sourceTree = BUILT_PRODUCTS_DIR; };
		2B74A27D29E4BDA000EFA169 /* Consensual_ConnectionsApp.swift */ = {isa = PBXFileReference; lastKnownFileType = sourcecode.swift; path = Consensual_ConnectionsApp.swift; sourceTree = "<group>"; };
		2B74A27F29E4BDA000EFA169 /* ContentView.swift */ = {isa = PBXFileReference; lastKnownFileType = sourcecode.swift; path = ContentView.swift; sourceTree = "<group>"; };
		2B74A28129E4BDA000EFA169 /* Assets.xcassets */ = {isa = PBXFileReference; lastKnownFileType = folder.assetcatalog; path = Assets.xcassets; sourceTree = "<group>"; };
		2B74A28429E4BDA000EFA169 /* Preview Assets.xcassets */ = {isa = PBXFileReference; lastKnownFileType = folder.assetcatalog; path = "Preview Assets.xcassets"; sourceTree = "<group>"; };
		2B74A28D29E4C1D300EFA169 /* Trending.swift */ = {isa = PBXFileReference; fileEncoding = 4; lastKnownFileType = sourcecode.swift; path = Trending.swift; sourceTree = "<group>"; };
		2B74A28E29E4C1D300EFA169 /* Info.swift */ = {isa = PBXFileReference; fileEncoding = 4; lastKnownFileType = sourcecode.swift; path = Info.swift; sourceTree = "<group>"; };
		2B74A28F29E4C1D300EFA169 /* Sale.swift */ = {isa = PBXFileReference; fileEncoding = 4; lastKnownFileType = sourcecode.swift; path = Sale.swift; sourceTree = "<group>"; };
		2B74A29329E4C1DA00EFA169 /* ResponsiveView.swift */ = {isa = PBXFileReference; fileEncoding = 4; lastKnownFileType = sourcecode.swift; path = ResponsiveView.swift; sourceTree = "<group>"; };
		2B74A29429E4C1DA00EFA169 /* RouterView.swift */ = {isa = PBXFileReference; fileEncoding = 4; lastKnownFileType = sourcecode.swift; path = RouterView.swift; sourceTree = "<group>"; };
		2B9590B229E5EBFA000BC899 /* SidebarView.swift */ = {isa = PBXFileReference; lastKnownFileType = sourcecode.swift; path = SidebarView.swift; sourceTree = "<group>"; };
		2B9590B529E5F023000BC899 /* AppPagesModel.swift */ = {isa = PBXFileReference; lastKnownFileType = sourcecode.swift; path = AppPagesModel.swift; sourceTree = "<group>"; };
		2B9590B829E5FA9B000BC899 /* HeaderView.swift */ = {isa = PBXFileReference; lastKnownFileType = sourcecode.swift; path = HeaderView.swift; sourceTree = "<group>"; };
		2B9590BC29E6014E000BC899 /* TrendingItemsView.swift */ = {isa = PBXFileReference; lastKnownFileType = sourcecode.swift; path = TrendingItemsView.swift; sourceTree = "<group>"; };
		2B9590BE29E60249000BC899 /* AppProperties.swift */ = {isa = PBXFileReference; lastKnownFileType = sourcecode.swift; path = AppProperties.swift; sourceTree = "<group>"; };
		2B9590C029E61618000BC899 /* PieChartView.swift */ = {isa = PBXFileReference; lastKnownFileType = sourcecode.swift; path = PieChartView.swift; sourceTree = "<group>"; };
		2B9590C229E6164F000BC899 /* DailySalesView.swift */ = {isa = PBXFileReference; lastKnownFileType = sourcecode.swift; path = DailySalesView.swift; sourceTree = "<group>"; };
		2B9590C429E616C1000BC899 /* InfoCards.swift */ = {isa = PBXFileReference; lastKnownFileType = sourcecode.swift; path = InfoCards.swift; sourceTree = "<group>"; };
		2B9590C629E61722000BC899 /* HomeView.swift */ = {isa = PBXFileReference; lastKnownFileType = sourcecode.swift; path = HomeView.swift; sourceTree = "<group>"; };
/* End PBXFileReference section */

/* Begin PBXFrameworksBuildPhase section */
		2B74A27729E4BDA000EFA169 /* Frameworks */ = {
			isa = PBXFrameworksBuildPhase;
			buildActionMask = 2147483647;
			files = (
			);
			runOnlyForDeploymentPostprocessing = 0;
		};
/* End PBXFrameworksBuildPhase section */

/* Begin PBXGroup section */
		2B74A27129E4BDA000EFA169 = {
			isa = PBXGroup;
			children = (
				2B74A27C29E4BDA000EFA169 /* Consensual Connections */,
				2B74A27B29E4BDA000EFA169 /* Products */,
			);
			sourceTree = "<group>";
		};
		2B74A27B29E4BDA000EFA169 /* Products */ = {
			isa = PBXGroup;
			children = (
				2B74A27A29E4BDA000EFA169 /* Consensual Connections.app */,
			);
			name = Products;
			sourceTree = "<group>";
		};
		2B74A27C29E4BDA000EFA169 /* Consensual Connections */ = {
			isa = PBXGroup;
			children = (
				2B74A28C29E4C1C800EFA169 /* Models */,
				2B74A28B29E4C17400EFA169 /* Views */,
				2B74A27D29E4BDA000EFA169 /* Consensual_ConnectionsApp.swift */,
				2B74A27F29E4BDA000EFA169 /* ContentView.swift */,
				2B74A28129E4BDA000EFA169 /* Assets.xcassets */,
				2B74A28329E4BDA000EFA169 /* Preview Content */,
			);
			path = "Consensual Connections";
			sourceTree = "<group>";
		};
		2B74A28329E4BDA000EFA169 /* Preview Content */ = {
			isa = PBXGroup;
			children = (
				2B74A28429E4BDA000EFA169 /* Preview Assets.xcassets */,
			);
			path = "Preview Content";
			sourceTree = "<group>";
		};
		2B74A28B29E4C17400EFA169 /* Views */ = {
			isa = PBXGroup;
			children = (
				2B9590BA29E60127000BC899 /* Home Views */,
				2B9590B129E5EBE2000BC899 /* Menu Views */,
				2B9590B729E5FA3C000BC899 /* Router Views */,
				2B74A29329E4C1DA00EFA169 /* ResponsiveView.swift */,
			);
			path = Views;
			sourceTree = "<group>";
		};
		2B74A28C29E4C1C800EFA169 /* Models */ = {
			isa = PBXGroup;
			children = (
				2B9590B429E5EFBC000BC899 /* Demo Data */,
				2B9590B529E5F023000BC899 /* AppPagesModel.swift */,
				2B9590BE29E60249000BC899 /* AppProperties.swift */,
			);
			path = Models;
			sourceTree = "<group>";
		};
		2B9590B129E5EBE2000BC899 /* Menu Views */ = {
			isa = PBXGroup;
			children = (
				2B9590B229E5EBFA000BC899 /* SidebarView.swift */,
			);
			path = "Menu Views";
			sourceTree = "<group>";
		};
		2B9590B429E5EFBC000BC899 /* Demo Data */ = {
			isa = PBXGroup;
			children = (
				2B74A28E29E4C1D300EFA169 /* Info.swift */,
				2B74A28F29E4C1D300EFA169 /* Sale.swift */,
				2B74A28D29E4C1D300EFA169 /* Trending.swift */,
			);
			path = "Demo Data";
			sourceTree = "<group>";
		};
		2B9590B729E5FA3C000BC899 /* Router Views */ = {
			isa = PBXGroup;
			children = (
				2B74A29429E4C1DA00EFA169 /* RouterView.swift */,
				2B9590B829E5FA9B000BC899 /* HeaderView.swift */,
			);
			path = "Router Views";
			sourceTree = "<group>";
		};
		2B9590BA29E60127000BC899 /* Home Views */ = {
			isa = PBXGroup;
			children = (
				2B9590BB29E6013E000BC899 /* Demo Views */,
				2B9590C629E61722000BC899 /* HomeView.swift */,
			);
			path = "Home Views";
			sourceTree = "<group>";
		};
		2B9590BB29E6013E000BC899 /* Demo Views */ = {
			isa = PBXGroup;
			children = (
				2B9590BC29E6014E000BC899 /* TrendingItemsView.swift */,
				2B9590C029E61618000BC899 /* PieChartView.swift */,
				2B9590C229E6164F000BC899 /* DailySalesView.swift */,
				2B9590C429E616C1000BC899 /* InfoCards.swift */,
			);
			path = "Demo Views";
			sourceTree = "<group>";
		};
/* End PBXGroup section */

/* Begin PBXNativeTarget section */
		2B74A27929E4BDA000EFA169 /* Consensual Connections */ = {
			isa = PBXNativeTarget;
			buildConfigurationList = 2B74A28829E4BDA000EFA169 /* Build configuration list for PBXNativeTarget "Consensual Connections" */;
			buildPhases = (
				2B74A27629E4BDA000EFA169 /* Sources */,
				2B74A27729E4BDA000EFA169 /* Frameworks */,
				2B74A27829E4BDA000EFA169 /* Resources */,
			);
			buildRules = (
			);
			dependencies = (
			);
			name = "Consensual Connections";
			productName = "Consensual Connections";
			productReference = 2B74A27A29E4BDA000EFA169 /* Consensual Connections.app */;
			productType = "com.apple.product-type.application";
		};
/* End PBXNativeTarget section */

/* Begin PBXProject section */
		2B74A27229E4BDA000EFA169 /* Project object */ = {
			isa = PBXProject;
			attributes = {
				BuildIndependentTargetsInParallel = 1;
				LastSwiftUpdateCheck = 1430;
				LastUpgradeCheck = 1430;
				TargetAttributes = {
					2B74A27929E4BDA000EFA169 = {
						CreatedOnToolsVersion = 14.3;
					};
				};
			};
			buildConfigurationList = 2B74A27529E4BDA000EFA169 /* Build configuration list for PBXProject "Consensual Connections" */;
			compatibilityVersion = "Xcode 14.0";
			developmentRegion = en;
			hasScannedForEncodings = 0;
			knownRegions = (
				en,
				Base,
			);
			mainGroup = 2B74A27129E4BDA000EFA169;
			productRefGroup = 2B74A27B29E4BDA000EFA169 /* Products */;
			projectDirPath = "";
			projectRoot = "";
			targets = (
				2B74A27929E4BDA000EFA169 /* Consensual Connections */,
			);
		};
/* End PBXProject section */

/* Begin PBXResourcesBuildPhase section */
		2B74A27829E4BDA000EFA169 /* Resources */ = {
			isa = PBXResourcesBuildPhase;
			buildActionMask = 2147483647;
			files = (
				2B74A28529E4BDA000EFA169 /* Preview Assets.xcassets in Resources */,
				2B74A28229E4BDA000EFA169 /* Assets.xcassets in Resources */,
			);
			runOnlyForDeploymentPostprocessing = 0;
		};
/* End PBXResourcesBuildPhase section */

/* Begin PBXSourcesBuildPhase section */
		2B74A27629E4BDA000EFA169 /* Sources */ = {
			isa = PBXSourcesBuildPhase;
			buildActionMask = 2147483647;
			files = (
				2B9590BF29E60249000BC899 /* AppProperties.swift in Sources */,
				2B74A29029E4C1D300EFA169 /* Trending.swift in Sources */,
				2B9590C129E61618000BC899 /* PieChartView.swift in Sources */,
				2B9590B329E5EBFA000BC899 /* SidebarView.swift in Sources */,
				2B74A29129E4C1D300EFA169 /* Info.swift in Sources */,
				2B9590C529E616C1000BC899 /* InfoCards.swift in Sources */,
				2B9590C329E6164F000BC899 /* DailySalesView.swift in Sources */,
				2B74A29529E4C1DA00EFA169 /* ResponsiveView.swift in Sources */,
				2B74A28029E4BDA000EFA169 /* ContentView.swift in Sources */,
				2B9590B929E5FA9B000BC899 /* HeaderView.swift in Sources */,
				2B9590B629E5F023000BC899 /* AppPagesModel.swift in Sources */,
				2B9590BD29E6014F000BC899 /* TrendingItemsView.swift in Sources */,
				2B74A29229E4C1D300EFA169 /* Sale.swift in Sources */,
				2B9590C729E61722000BC899 /* HomeView.swift in Sources */,
				2B74A27E29E4BDA000EFA169 /* Consensual_ConnectionsApp.swift in Sources */,
				2B74A29629E4C1DA00EFA169 /* RouterView.swift in Sources */,
			);
			runOnlyForDeploymentPostprocessing = 0;
		};
/* End PBXSourcesBuildPhase section */

/* Begin XCBuildConfiguration section */
		2B74A28629E4BDA000EFA169 /* Debug */ = {
			isa = XCBuildConfiguration;
			buildSettings = {
				ALWAYS_SEARCH_USER_PATHS = NO;
				CLANG_ANALYZER_NONNULL = YES;
				CLANG_ANALYZER_NUMBER_OBJECT_CONVERSION = YES_AGGRESSIVE;
				CLANG_CXX_LANGUAGE_STANDARD = "gnu++20";
				CLANG_ENABLE_MODULES = YES;
				CLANG_ENABLE_OBJC_ARC = YES;
				CLANG_ENABLE_OBJC_WEAK = YES;
				CLANG_WARN_BLOCK_CAPTURE_AUTORELEASING = YES;
				CLANG_WARN_BOOL_CONVERSION = YES;
				CLANG_WARN_COMMA = YES;
				CLANG_WARN_CONSTANT_CONVERSION = YES;
				CLANG_WARN_DEPRECATED_OBJC_IMPLEMENTATIONS = YES;
				CLANG_WARN_DIRECT_OBJC_ISA_USAGE = YES_ERROR;
				CLANG_WARN_DOCUMENTATION_COMMENTS = YES;
				CLANG_WARN_EMPTY_BODY = YES;
				CLANG_WARN_ENUM_CONVERSION = YES;
				CLANG_WARN_INFINITE_RECURSION = YES;
				CLANG_WARN_INT_CONVERSION = YES;
				CLANG_WARN_NON_LITERAL_NULL_CONVERSION = YES;
				CLANG_WARN_OBJC_IMPLICIT_RETAIN_SELF = YES;
				CLANG_WARN_OBJC_LITERAL_CONVERSION = YES;
				CLANG_WARN_OBJC_ROOT_CLASS = YES_ERROR;
				CLANG_WARN_QUOTED_INCLUDE_IN_FRAMEWORK_HEADER = YES;
				CLANG_WARN_RANGE_LOOP_ANALYSIS = YES;
				CLANG_WARN_STRICT_PROTOTYPES = YES;
				CLANG_WARN_SUSPICIOUS_MOVE = YES;
				CLANG_WARN_UNGUARDED_AVAILABILITY = YES_AGGRESSIVE;
				CLANG_WARN_UNREACHABLE_CODE = YES;
				CLANG_WARN__DUPLICATE_METHOD_MATCH = YES;
				COPY_PHASE_STRIP = NO;
				DEBUG_INFORMATION_FORMAT = dwarf;
				ENABLE_STRICT_OBJC_MSGSEND = YES;
				ENABLE_TESTABILITY = YES;
				GCC_C_LANGUAGE_STANDARD = gnu11;
				GCC_DYNAMIC_NO_PIC = NO;
				GCC_NO_COMMON_BLOCKS = YES;
				GCC_OPTIMIZATION_LEVEL = 0;
				GCC_PREPROCESSOR_DEFINITIONS = (
					"DEBUG=1",
					"$(inherited)",
				);
				GCC_WARN_64_TO_32_BIT_CONVERSION = YES;
				GCC_WARN_ABOUT_RETURN_TYPE = YES_ERROR;
				GCC_WARN_UNDECLARED_SELECTOR = YES;
				GCC_WARN_UNINITIALIZED_AUTOS = YES_AGGRESSIVE;
				GCC_WARN_UNUSED_FUNCTION = YES;
				GCC_WARN_UNUSED_VARIABLE = YES;
				IPHONEOS_DEPLOYMENT_TARGET = 16.4;
				MTL_ENABLE_DEBUG_INFO = INCLUDE_SOURCE;
				MTL_FAST_MATH = YES;
				ONLY_ACTIVE_ARCH = YES;
				SDKROOT = iphoneos;
				SWIFT_ACTIVE_COMPILATION_CONDITIONS = DEBUG;
				SWIFT_OPTIMIZATION_LEVEL = "-Onone";
			};
			name = Debug;
		};
		2B74A28729E4BDA000EFA169 /* Release */ = {
			isa = XCBuildConfiguration;
			buildSettings = {
				ALWAYS_SEARCH_USER_PATHS = NO;
				CLANG_ANALYZER_NONNULL = YES;
				CLANG_ANALYZER_NUMBER_OBJECT_CONVERSION = YES_AGGRESSIVE;
				CLANG_CXX_LANGUAGE_STANDARD = "gnu++20";
				CLANG_ENABLE_MODULES = YES;
				CLANG_ENABLE_OBJC_ARC = YES;
				CLANG_ENABLE_OBJC_WEAK = YES;
				CLANG_WARN_BLOCK_CAPTURE_AUTORELEASING = YES;
				CLANG_WARN_BOOL_CONVERSION = YES;
				CLANG_WARN_COMMA = YES;
				CLANG_WARN_CONSTANT_CONVERSION = YES;
				CLANG_WARN_DEPRECATED_OBJC_IMPLEMENTATIONS = YES;
				CLANG_WARN_DIRECT_OBJC_ISA_USAGE = YES_ERROR;
				CLANG_WARN_DOCUMENTATION_COMMENTS = YES;
				CLANG_WARN_EMPTY_BODY = YES;
				CLANG_WARN_ENUM_CONVERSION = YES;
				CLANG_WARN_INFINITE_RECURSION = YES;
				CLANG_WARN_INT_CONVERSION = YES;
				CLANG_WARN_NON_LITERAL_NULL_CONVERSION = YES;
				CLANG_WARN_OBJC_IMPLICIT_RETAIN_SELF = YES;
				CLANG_WARN_OBJC_LITERAL_CONVERSION = YES;
				CLANG_WARN_OBJC_ROOT_CLASS = YES_ERROR;
				CLANG_WARN_QUOTED_INCLUDE_IN_FRAMEWORK_HEADER = YES;
				CLANG_WARN_RANGE_LOOP_ANALYSIS = YES;
				CLANG_WARN_STRICT_PROTOTYPES = YES;
				CLANG_WARN_SUSPICIOUS_MOVE = YES;
				CLANG_WARN_UNGUARDED_AVAILABILITY = YES_AGGRESSIVE;
				CLANG_WARN_UNREACHABLE_CODE = YES;
				CLANG_WARN__DUPLICATE_METHOD_MATCH = YES;
				COPY_PHASE_STRIP = NO;
				DEBUG_INFORMATION_FORMAT = "dwarf-with-dsym";
				ENABLE_NS_ASSERTIONS = NO;
				ENABLE_STRICT_OBJC_MSGSEND = YES;
				GCC_C_LANGUAGE_STANDARD = gnu11;
				GCC_NO_COMMON_BLOCKS = YES;
				GCC_WARN_64_TO_32_BIT_CONVERSION = YES;
				GCC_WARN_ABOUT_RETURN_TYPE = YES_ERROR;
				GCC_WARN_UNDECLARED_SELECTOR = YES;
				GCC_WARN_UNINITIALIZED_AUTOS = YES_AGGRESSIVE;
				GCC_WARN_UNUSED_FUNCTION = YES;
				GCC_WARN_UNUSED_VARIABLE = YES;
				IPHONEOS_DEPLOYMENT_TARGET = 16.4;
				MTL_ENABLE_DEBUG_INFO = NO;
				MTL_FAST_MATH = YES;
				SDKROOT = iphoneos;
				SWIFT_COMPILATION_MODE = wholemodule;
				SWIFT_OPTIMIZATION_LEVEL = "-O";
				VALIDATE_PRODUCT = YES;
			};
			name = Release;
		};
		2B74A28929E4BDA000EFA169 /* Debug */ = {
			isa = XCBuildConfiguration;
			buildSettings = {
				ASSETCATALOG_COMPILER_APPICON_NAME = AppIcon;
				ASSETCATALOG_COMPILER_GLOBAL_ACCENT_COLOR_NAME = AccentColor;
				CODE_SIGN_STYLE = Automatic;
				CURRENT_PROJECT_VERSION = 1;
				DEVELOPMENT_ASSET_PATHS = "\"Consensual Connections/Preview Content\"";
				DEVELOPMENT_TEAM = Q67CC4F7S9;
				ENABLE_PREVIEWS = YES;
				GENERATE_INFOPLIST_FILE = YES;
				INFOPLIST_KEY_UIApplicationSceneManifest_Generation = YES;
				INFOPLIST_KEY_UIApplicationSupportsIndirectInputEvents = YES;
				INFOPLIST_KEY_UILaunchScreen_Generation = YES;
				INFOPLIST_KEY_UIStatusBarStyle = "";
				INFOPLIST_KEY_UISupportedInterfaceOrientations = UIInterfaceOrientationPortrait;
				INFOPLIST_KEY_UISupportedInterfaceOrientations_iPad = "UIInterfaceOrientationLandscapeLeft UIInterfaceOrientationLandscapeRight UIInterfaceOrientationPortrait UIInterfaceOrientationPortraitUpsideDown";
				IPHONEOS_DEPLOYMENT_TARGET = 16.2;
				LD_RUNPATH_SEARCH_PATHS = (
					"$(inherited)",
					"@executable_path/Frameworks",
				);
				MARKETING_VERSION = 1.0;
				PRODUCT_BUNDLE_IDENTIFIER = "codes.ella.Consensual-Connections";
				PRODUCT_NAME = "$(TARGET_NAME)";
				SWIFT_EMIT_LOC_STRINGS = YES;
				SWIFT_VERSION = 5.0;
				TARGETED_DEVICE_FAMILY = "1,2";
			};
			name = Debug;
		};
		2B74A28A29E4BDA000EFA169 /* Release */ = {
			isa = XCBuildConfiguration;
			buildSettings = {
				ASSETCATALOG_COMPILER_APPICON_NAME = AppIcon;
				ASSETCATALOG_COMPILER_GLOBAL_ACCENT_COLOR_NAME = AccentColor;
				CODE_SIGN_STYLE = Automatic;
				CURRENT_PROJECT_VERSION = 1;
				DEVELOPMENT_ASSET_PATHS = "\"Consensual Connections/Preview Content\"";
				DEVELOPMENT_TEAM = Q67CC4F7S9;
				ENABLE_PREVIEWS = YES;
				GENERATE_INFOPLIST_FILE = YES;
				INFOPLIST_KEY_UIApplicationSceneManifest_Generation = YES;
				INFOPLIST_KEY_UIApplicationSupportsIndirectInputEvents = YES;
				INFOPLIST_KEY_UILaunchScreen_Generation = YES;
				INFOPLIST_KEY_UIStatusBarStyle = "";
				INFOPLIST_KEY_UISupportedInterfaceOrientations = UIInterfaceOrientationPortrait;
				INFOPLIST_KEY_UISupportedInterfaceOrientations_iPad = "UIInterfaceOrientationLandscapeLeft UIInterfaceOrientationLandscapeRight UIInterfaceOrientationPortrait UIInterfaceOrientationPortraitUpsideDown";
				IPHONEOS_DEPLOYMENT_TARGET = 16.2;
				LD_RUNPATH_SEARCH_PATHS = (
					"$(inherited)",
					"@executable_path/Frameworks",
				);
				MARKETING_VERSION = 1.0;
				PRODUCT_BUNDLE_IDENTIFIER = "codes.ella.Consensual-Connections";
				PRODUCT_NAME = "$(TARGET_NAME)";
				SWIFT_EMIT_LOC_STRINGS = YES;
				SWIFT_VERSION = 5.0;
				TARGETED_DEVICE_FAMILY = "1,2";
			};
			name = Release;
		};
/* End XCBuildConfiguration section */

/* Begin XCConfigurationList section */
		2B74A27529E4BDA000EFA169 /* Build configuration list for PBXProject "Consensual Connections" */ = {
			isa = XCConfigurationList;
			buildConfigurations = (
				2B74A28629E4BDA000EFA169 /* Debug */,
				2B74A28729E4BDA000EFA169 /* Release */,
			);
			defaultConfigurationIsVisible = 0;
			defaultConfigurationName = Release;
		};
		2B74A28829E4BDA000EFA169 /* Build configuration list for PBXNativeTarget "Consensual Connections" */ = {
			isa = XCConfigurationList;
			buildConfigurations = (
				2B74A28929E4BDA000EFA169 /* Debug */,
				2B74A28A29E4BDA000EFA169 /* Release */,
			);
			defaultConfigurationIsVisible = 0;
			defaultConfigurationName = Release;
		};
/* End XCConfigurationList section */
	};
	rootObject = 2B74A27229E4BDA000EFA169 /* Project object */;
}
